
Microsoft Visual Studio Solution File, Format Version 11.00
# Visual Studio 2010
Project("{8BC9CEB8-8B4A-11D0-8D11-00A0C91BC942}") = "test_serialization", "test_serialization.vcxproj", "{D9D89516-3232-49C6-AF45-66B8112A70BC}"
EndProject
Project("{2150E333-8FDC-42A3-9474-1A3956D46DE8}") = "Solution Items", "Solution Items", "{6C6AC5D4-47BA-41D0-A682-2A2C08CAD695}"
	ProjectSection(SolutionItems) = preProject
		README.md = README.md
	EndProjectSection
EndProject
Global
	GlobalSection(SubversionScc) = preSolution
		Svn-Managed = True
		Manager = AnkhSVN - Subversion Support for Visual Studio
	EndGlobalSection
	GlobalSection(SolutionConfigurationPlatforms) = preSolution
		Release|Win32 = Release|Win32
		Release|x64 = Release|x64
	EndGlobalSection
	GlobalSection(ProjectConfigurationPlatforms) = postSolution
		{D9D89516-3232-49C6-AF45-66B8112A70BC}.Release|Win32.ActiveCfg = Release|Win32
		{D9D89516-3232-49C6-AF45-66B8112A70BC}.Release|Win32.Build.0 = Release|Win32
		{D9D89516-3232-49C6-AF45-66B8112A70BC}.Release|x64.ActiveCfg = Release|x64
		{D9D89516-3232-49C6-AF45-66B8112A70BC}.Release|x64.Build.0 = Release|x64
	EndGlobalSection
	GlobalSection(SolutionProperties) = preSolution
		HideSolutionNode = FALSE
	EndGlobalSection
EndGlobal
